
Microsoft Visual Studio Solution File, Format Version 11.00
# Visual Studio 2010
Project("{FAE04EC0-301F-11D3-BF4B-00C04F79EFBC}") = "Assembly-CSharp-firstpass", "Assembly-CSharp-firstpass.csproj", "{a1f7095f-5a97-90d5-fb94-f41bc22d4455}"
EndProject
Project("{FAE04EC0-301F-11D3-BF4B-00C04F79EFBC}") = "Assembly-CSharp", "Assembly-CSharp.csproj", "{6083fa9f-bf0b-a77a-0617-18280ca03e00}"
EndProject
Project("{FAE04EC0-301F-11D3-BF4B-00C04F79EFBC}") = "Assembly-CSharp-Editor-firstpass", "Assembly-CSharp-Editor-firstpass.csproj", "{0e7d5940-6629-c59e-f2f1-e0d04b8c5039}"
EndProject
Project("{FAE04EC0-301F-11D3-BF4B-00C04F79EFBC}") = "Assembly-CSharp-Editor", "Assembly-CSharp-Editor.csproj", "{2431b7a7-172c-6f66-3758-f48b30c6ea59}"
EndProject
Global
	GlobalSection(SolutionConfigurationPlatforms) = preSolution
		Debug|Any CPU = Debug|Any CPU
		Release|Any CPU = Release|Any CPU
	EndGlobalSection
	GlobalSection(ProjectConfigurationPlatforms) = postSolution
		{a1f7095f-5a97-90d5-fb94-f41bc22d4455}.Debug|Any CPU.ActiveCfg = Debug|Any CPU
		{a1f7095f-5a97-90d5-fb94-f41bc22d4455}.Debug|Any CPU.Build.0 = Debug|Any CPU
		{a1f7095f-5a97-90d5-fb94-f41bc22d4455}.Release|Any CPU.ActiveCfg = Release|Any CPU
		{a1f7095f-5a97-90d5-fb94-f41bc22d4455}.Release|Any CPU.Build.0 = Release|Any CPU
		{6083fa9f-bf0b-a77a-0617-18280ca03e00}.Debug|Any CPU.ActiveCfg = Debug|Any CPU
		{6083fa9f-bf0b-a77a-0617-18280ca03e00}.Debug|Any CPU.Build.0 = Debug|Any CPU
		{6083fa9f-bf0b-a77a-0617-18280ca03e00}.Release|Any CPU.ActiveCfg = Release|Any CPU
		{6083fa9f-bf0b-a77a-0617-18280ca03e00}.Release|Any CPU.Build.0 = Release|Any CPU
		{0e7d5940-6629-c59e-f2f1-e0d04b8c5039}.Debug|Any CPU.ActiveCfg = Debug|Any CPU
		{0e7d5940-6629-c59e-f2f1-e0d04b8c5039}.Debug|Any CPU.Build.0 = Debug|Any CPU
		{0e7d5940-6629-c59e-f2f1-e0d04b8c5039}.Release|Any CPU.ActiveCfg = Release|Any CPU
		{0e7d5940-6629-c59e-f2f1-e0d04b8c5039}.Release|Any CPU.Build.0 = Release|Any CPU
		{2431b7a7-172c-6f66-3758-f48b30c6ea59}.Debug|Any CPU.ActiveCfg = Debug|Any CPU
		{2431b7a7-172c-6f66-3758-f48b30c6ea59}.Debug|Any CPU.Build.0 = Debug|Any CPU
		{2431b7a7-172c-6f66-3758-f48b30c6ea59}.Release|Any CPU.ActiveCfg = Release|Any CPU
		{2431b7a7-172c-6f66-3758-f48b30c6ea59}.Release|Any CPU.Build.0 = Release|Any CPU
	EndGlobalSection
	GlobalSection(SolutionProperties) = preSolution
		HideSolutionNode = FALSE
	EndGlobalSection
EndGlobal
